
Microsoft Visual Studio Solution File, Format Version 12.00
# Visual Studio Version 16
VisualStudioVersion = 25.0.1705.6
MinimumVisualStudioVersion = 10.0.40219.1
Project("{FAE04EC0-301F-11D3-BF4B-00C04F79EFBC}") = "pong2", "pong2.csproj", "{AA88BC3E-E2FF-4D17-8B78-5A498023A6DA}"
EndProject
Global
	GlobalSection(SolutionConfigurationPlatforms) = preSolution
		Debug|Any CPU = Debug|Any CPU
		Release|Any CPU = Release|Any CPU
	EndGlobalSection
	GlobalSection(ProjectConfigurationPlatforms) = postSolution
		{AA88BC3E-E2FF-4D17-8B78-5A498023A6DA}.Debug|Any CPU.ActiveCfg = Debug|Any CPU
		{AA88BC3E-E2FF-4D17-8B78-5A498023A6DA}.Debug|Any CPU.Build.0 = Debug|Any CPU
		{AA88BC3E-E2FF-4D17-8B78-5A498023A6DA}.Release|Any CPU.ActiveCfg = Release|Any CPU
		{AA88BC3E-E2FF-4D17-8B78-5A498023A6DA}.Release|Any CPU.Build.0 = Release|Any CPU
	EndGlobalSection
	GlobalSection(SolutionProperties) = preSolution
		HideSolutionNode = FALSE
	EndGlobalSection
	GlobalSection(ExtensibilityGlobals) = postSolution
		SolutionGuid = {667F34C8-E20E-4A10-9ED9-00D31B64AA7A}
	EndGlobalSection
EndGlobal
